
Microsoft Visual Studio Solution File, Format Version 12.00
# Visual Studio Version 17
VisualStudioVersion = 17.9.34616.47
MinimumVisualStudioVersion = 10.0.40219.1
Project("{9A19103F-16F7-4668-BE54-9A1E7A4F7556}") = "KcbBotSemanticKernel.Bot", "KcbBotSemanticKernel.Bot\KcbBotSemanticKernel.Bot.csproj", "{3360A826-1189-4BCC-BBE3-8D1CFA2B560C}"
EndProject
Project("{FAE04EC0-301F-11D3-BF4B-00C04F79EFBC}") = "KcbBotSemanticKernel.Api", "KcbBotSemanticKernel.Api\KcbBotSemanticKernel.Api.csproj", "{6063BFA0-DF36-4257-9565-F781CCC15406}"
EndProject
Global
	GlobalSection(SolutionConfigurationPlatforms) = preSolution
		Debug|Any CPU = Debug|Any CPU
		Release|Any CPU = Release|Any CPU
	EndGlobalSection
	GlobalSection(ProjectConfigurationPlatforms) = postSolution
		{3360A826-1189-4BCC-BBE3-8D1CFA2B560C}.Debug|Any CPU.ActiveCfg = Debug|Any CPU
		{3360A826-1189-4BCC-BBE3-8D1CFA2B560C}.Debug|Any CPU.Build.0 = Debug|Any CPU
		{3360A826-1189-4BCC-BBE3-8D1CFA2B560C}.Release|Any CPU.ActiveCfg = Release|Any CPU
		{3360A826-1189-4BCC-BBE3-8D1CFA2B560C}.Release|Any CPU.Build.0 = Release|Any CPU
		{6063BFA0-DF36-4257-9565-F781CCC15406}.Debug|Any CPU.ActiveCfg = Debug|Any CPU
		{6063BFA0-DF36-4257-9565-F781CCC15406}.Debug|Any CPU.Build.0 = Debug|Any CPU
		{6063BFA0-DF36-4257-9565-F781CCC15406}.Release|Any CPU.ActiveCfg = Release|Any CPU
		{6063BFA0-DF36-4257-9565-F781CCC15406}.Release|Any CPU.Build.0 = Release|Any CPU
	EndGlobalSection
	GlobalSection(SolutionProperties) = preSolution
		HideSolutionNode = FALSE
	EndGlobalSection
	GlobalSection(ExtensibilityGlobals) = postSolution
		SolutionGuid = {76BB422F-9372-429B-8B32-C5317FEF8425}
	EndGlobalSection
EndGlobal
